
Microsoft Visual Studio Solution File, Format Version 12.00
# Visual Studio Version 17
VisualStudioVersion = 17.5.33516.290
MinimumVisualStudioVersion = 10.0.40219.1
Project("{FAE04EC0-301F-11D3-BF4B-00C04F79EFBC}") = "fExSandbox", "fExSandbox\fExSandbox.csproj", "{FA939DC9-CA6E-4309-9BE1-0F3754A671CF}"
EndProject
Global
	GlobalSection(SolutionConfigurationPlatforms) = preSolution
		Debug|Any CPU = Debug|Any CPU
		Release|Any CPU = Release|Any CPU
	EndGlobalSection
	GlobalSection(ProjectConfigurationPlatforms) = postSolution
		{FA939DC9-CA6E-4309-9BE1-0F3754A671CF}.Debug|Any CPU.ActiveCfg = Debug|Any CPU
		{FA939DC9-CA6E-4309-9BE1-0F3754A671CF}.Debug|Any CPU.Build.0 = Debug|Any CPU
		{FA939DC9-CA6E-4309-9BE1-0F3754A671CF}.Release|Any CPU.ActiveCfg = Release|Any CPU
		{FA939DC9-CA6E-4309-9BE1-0F3754A671CF}.Release|Any CPU.Build.0 = Release|Any CPU
	EndGlobalSection
	GlobalSection(SolutionProperties) = preSolution
		HideSolutionNode = FALSE
	EndGlobalSection
	GlobalSection(ExtensibilityGlobals) = postSolution
		SolutionGuid = {3B882888-C8E2-4F4C-B455-12B3BAD89802}
	EndGlobalSection
EndGlobal
